dependencies:
- name: cnpg-cluster
  repository: https://this-is-tobi.github.io/helm-charts
  version: 2.1.0
- name: cnpg-cluster
  repository: https://this-is-tobi.github.io/helm-charts
  version: 2.1.0
- name: redis
  repository: oci://registry-1.docker.io/cloudpirates
  version: 0.26.8
- name: keycloak
  repository: oci://registry-1.docker.io/cloudpirates
  version: 0.20.0
- name: kube-prometheus-stack
  repository: https://prometheus-community.github.io/helm-charts
  version: 82.4.3
- name: tempo
  repository: https://grafana-community.github.io/helm-charts
  version: 1.26.6
- name: opentelemetry-collector
  repository: https://open-telemetry.github.io/opentelemetry-helm-charts
  version: 0.146.1
digest: sha256:8bc25d459c5d17c906667717dcb570b032447c0c7f25ba60d4d6ed3fd8e00904
generated: "2026-04-19T23:10:27.596001+02:00"
